
Microsoft Visual Studio Solution File, Format Version 12.00
# Visual Studio Version 17
VisualStudioVersion = 17.8.34316.72
MinimumVisualStudioVersion = 10.0.40219.1
Project("{FAE04EC0-301F-11D3-BF4B-00C04F79EFBC}") = "TP Git", "TP Git\TP Git.csproj", "{5E01B60E-DE50-4EA3-B025-5E91B5DD99FC}"
EndProject
Global
	GlobalSection(SolutionConfigurationPlatforms) = preSolution
		Debug|Any CPU = Debug|Any CPU
		Release|Any CPU = Release|Any CPU
	EndGlobalSection
	GlobalSection(ProjectConfigurationPlatforms) = postSolution
		{5E01B60E-DE50-4EA3-B025-5E91B5DD99FC}.Debug|Any CPU.ActiveCfg = Debug|Any CPU
		{5E01B60E-DE50-4EA3-B025-5E91B5DD99FC}.Debug|Any CPU.Build.0 = Debug|Any CPU
		{5E01B60E-DE50-4EA3-B025-5E91B5DD99FC}.Release|Any CPU.ActiveCfg = Release|Any CPU
		{5E01B60E-DE50-4EA3-B025-5E91B5DD99FC}.Release|Any CPU.Build.0 = Release|Any CPU
	EndGlobalSection
	GlobalSection(SolutionProperties) = preSolution
		HideSolutionNode = FALSE
	EndGlobalSection
	GlobalSection(ExtensibilityGlobals) = postSolution
		SolutionGuid = {3CEEC0D3-0D0C-4716-9415-6D7C83213F4A}
	EndGlobalSection
EndGlobal
